
Microsoft Visual Studio Solution File, Format Version 12.00
# Visual Studio 15
VisualStudioVersion = 15.0.27428.2043
MinimumVisualStudioVersion = 10.0.40219.1
Project("{FAE04EC0-301F-11D3-BF4B-00C04F79EFBC}") = "ConnectFour", "ConnectFour\ConnectFour.csproj", "{580A3628-14FB-4A49-9E00-0B9D7EAC686B}"
EndProject
Global
	GlobalSection(SolutionConfigurationPlatforms) = preSolution
		Debug|Any CPU = Debug|Any CPU
		Release|Any CPU = Release|Any CPU
	EndGlobalSection
	GlobalSection(ProjectConfigurationPlatforms) = postSolution
		{580A3628-14FB-4A49-9E00-0B9D7EAC686B}.Debug|Any CPU.ActiveCfg = Debug|Any CPU
		{580A3628-14FB-4A49-9E00-0B9D7EAC686B}.Debug|Any CPU.Build.0 = Debug|Any CPU
		{580A3628-14FB-4A49-9E00-0B9D7EAC686B}.Release|Any CPU.ActiveCfg = Release|Any CPU
		{580A3628-14FB-4A49-9E00-0B9D7EAC686B}.Release|Any CPU.Build.0 = Release|Any CPU
	EndGlobalSection
	GlobalSection(SolutionProperties) = preSolution
		HideSolutionNode = FALSE
	EndGlobalSection
	GlobalSection(ExtensibilityGlobals) = postSolution
		SolutionGuid = {D56F8404-CC1D-40B3-A3E8-F628DF08D694}
	EndGlobalSection
EndGlobal
